// !$*UTF8*$!
{
	archiveVersion = 1;
	classes = {
	};
	objectVersion = 50;
	objects = {

/* Begin PBXBuildFile section */
		4B0CCFCB21EC346F00B7CBCF /* AppDelegate.swift in Sources */ = {isa = PBXBuildFile; fileRef = 4B0CCFCA21EC346F00B7CBCF /* AppDelegate.swift */; };
		4B0CCFCD21EC346F00B7CBCF /* ViewController.swift in Sources */ = {isa = PBXBuildFile; fileRef = 4B0CCFCC21EC346F00B7CBCF /* ViewController.swift */; };
		4B0CCFD021EC346F00B7CBCF /* Main.storyboard in Resources */ = {isa = PBXBuildFile; fileRef = 4B0CCFCE21EC346F00B7CBCF /* Main.storyboard */; };
		4B0CCFD221EC347000B7CBCF /* Assets.xcassets in Resources */ = {isa = PBXBuildFile; fileRef = 4B0CCFD121EC347000B7CBCF /* Assets.xcassets */; };
		4B0CCFD521EC347000B7CBCF /* LaunchScreen.storyboard in Resources */ = {isa = PBXBuildFile; fileRef = 4B0CCFD321EC347000B7CBCF /* LaunchScreen.storyboard */; };
		9ADC4624362A83719EBF29E2 /* libPods-chatDemo.a in Frameworks */ = {isa = PBXBuildFile; fileRef = 4D5D48BC93DDC6B6FAE7CE3B /* libPods-chatDemo.a */; };
/* End PBXBuildFile section */

/* Begin PBXFileReference section */
		4B0CCFC721EC346F00B7CBCF /* chatDemo.app */ = {isa = PBXFileReference; explicitFileType = wrapper.application; includeInIndex = 0; path = chatDemo.app; sourceTree = BUILT_PRODUCTS_DIR; };
		4B0CCFCA21EC346F00B7CBCF /* AppDelegate.swift */ = {isa = PBXFileReference; lastKnownFileType = sourcecode.swift; path = AppDelegate.swift; sourceTree = "<group>"; };
		4B0CCFCC21EC346F00B7CBCF /* ViewController.swift */ = {isa = PBXFileReference; lastKnownFileType = sourcecode.swift; path = ViewController.swift; sourceTree = "<group>"; };
		4B0CCFCF21EC346F00B7CBCF /* Base */ = {isa = PBXFileReference; lastKnownFileType = file.storyboard; name = Base; path = Base.lproj/Main.storyboard; sourceTree = "<group>"; };
		4B0CCFD121EC347000B7CBCF /* Assets.xcassets */ = {isa = PBXFileReference; lastKnownFileType = folder.assetcatalog; path = Assets.xcassets; sourceTree = "<group>"; };
		4B0CCFD421EC347000B7CBCF /* Base */ = {isa = PBXFileReference; lastKnownFileType = file.storyboard; name = Base; path = Base.lproj/LaunchScreen.storyboard; sourceTree = "<group>"; };
		4B0CCFD621EC347000B7CBCF /* Info.plist */ = {isa = PBXFileReference; lastKnownFileType = text.plist.xml; path = Info.plist; sourceTree = "<group>"; };
		4D5D48BC93DDC6B6FAE7CE3B /* libPods-chatDemo.a */ = {isa = PBXFileReference; explicitFileType = archive.ar; includeInIndex = 0; path = "libPods-chatDemo.a"; sourceTree = BUILT_PRODUCTS_DIR; };
		7DA4A91462DA4132FB711A86 /* Pods-chatDemo.release.xcconfig */ = {isa = PBXFileReference; includeInIndex = 1; lastKnownFileType = text.xcconfig; name = "Pods-chatDemo.release.xcconfig"; path = "Pods/Target Support Files/Pods-chatDemo/Pods-chatDemo.release.xcconfig"; sourceTree = "<group>"; };
		8A0D63F5F4DA92D2C2C29552 /* Pods-chatDemo.debug.xcconfig */ = {isa = PBXFileReference; includeInIndex = 1; lastKnownFileType = text.xcconfig; name = "Pods-chatDemo.debug.xcconfig"; path = "Pods/Target Support Files/Pods-chatDemo/Pods-chatDemo.debug.xcconfig"; sourceTree = "<group>"; };
/* End PBXFileReference section */

/* Begin PBXFrameworksBuildPhase section */
		4B0CCFC421EC346F00B7CBCF /* Frameworks */ = {
			isa = PBXFrameworksBuildPhase;
			buildActionMask = 2147483647;
			files = (
				9ADC4624362A83719EBF29E2 /* libPods-chatDemo.a in Frameworks */,
			);
			runOnlyForDeploymentPostprocessing = 0;
		};
/* End PBXFrameworksBuildPhase section */

/* Begin PBXGroup section */
		38C9059D9B6952A1A29D2B19 /* Frameworks */ = {
			isa = PBXGroup;
			children = (
				4D5D48BC93DDC6B6FAE7CE3B /* libPods-chatDemo.a */,
			);
			name = Frameworks;
			sourceTree = "<group>";
		};
		4B0CCFBE21EC346F00B7CBCF = {
			isa = PBXGroup;
			children = (
				4B0CCFC921EC346F00B7CBCF /* chatDemo */,
				4B0CCFC821EC346F00B7CBCF /* Products */,
				E7EEF8B0015B0E96C8C01917 /* Pods */,
				38C9059D9B6952A1A29D2B19 /* Frameworks */,
			);
			sourceTree = "<group>";
		};
		4B0CCFC821EC346F00B7CBCF /* Products */ = {
			isa = PBXGroup;
			children = (
				4B0CCFC721EC346F00B7CBCF /* chatDemo.app */,
			);
			name = Products;
			sourceTree = "<group>";
		};
		4B0CCFC921EC346F00B7CBCF /* chatDemo */ = {
			isa = PBXGroup;
			children = (
				4B0CCFCA21EC346F00B7CBCF /* AppDelegate.swift */,
				4B0CCFCC21EC346F00B7CBCF /* ViewController.swift */,
				4B0CCFCE21EC346F00B7CBCF /* Main.storyboard */,
				4B0CCFD121EC347000B7CBCF /* Assets.xcassets */,
				4B0CCFD321EC347000B7CBCF /* LaunchScreen.storyboard */,
				4B0CCFD621EC347000B7CBCF /* Info.plist */,
			);
			path = chatDemo;
			sourceTree = "<group>";
		};
		E7EEF8B0015B0E96C8C01917 /* Pods */ = {
			isa = PBXGroup;
			children = (
				8A0D63F5F4DA92D2C2C29552 /* Pods-chatDemo.debug.xcconfig */,
				7DA4A91462DA4132FB711A86 /* Pods-chatDemo.release.xcconfig */,
			);
			name = Pods;
			sourceTree = "<group>";
		};
/* End PBXGroup section */

/* Begin PBXNativeTarget section */
		4B0CCFC621EC346F00B7CBCF /* chatDemo */ = {
			isa = PBXNativeTarget;
			buildConfigurationList = 4B0CCFD921EC347000B7CBCF /* Build configuration list for PBXNativeTarget "chatDemo" */;
			buildPhases = (
				0A75F7587768BBC4CBCDE03D /* [CP] Check Pods Manifest.lock */,
				4B0CCFC321EC346F00B7CBCF /* Sources */,
				4B0CCFC421EC346F00B7CBCF /* Frameworks */,
				4B0CCFC521EC346F00B7CBCF /* Resources */,
				CDC57F56967E67188CBAA83F /* [CP] Copy Pods Resources */,
			);
			buildRules = (
			);
			dependencies = (
			);
			name = chatDemo;
			productName = chatDemo;
			productReference = 4B0CCFC721EC346F00B7CBCF /* chatDemo.app */;
			productType = "com.apple.product-type.application";
		};
/* End PBXNativeTarget section */

/* Begin PBXProject section */
		4B0CCFBF21EC346F00B7CBCF /* Project object */ = {
			isa = PBXProject;
			attributes = {
				LastSwiftUpdateCheck = 1010;
				LastUpgradeCheck = 1010;
				ORGANIZATIONNAME = "K K";
				TargetAttributes = {
					4B0CCFC621EC346F00B7CBCF = {
						CreatedOnToolsVersion = 10.1;
					};
				};
			};
			buildConfigurationList = 4B0CCFC221EC346F00B7CBCF /* Build configuration list for PBXProject "chatDemo" */;
			compatibilityVersion = "Xcode 9.3";
			developmentRegion = en;
			hasScannedForEncodings = 0;
			knownRegions = (
				en,
				Base,
			);
			mainGroup = 4B0CCFBE21EC346F00B7CBCF;
			productRefGroup = 4B0CCFC821EC346F00B7CBCF /* Products */;
			projectDirPath = "";
			projectRoot = "";
			targets = (
				4B0CCFC621EC346F00B7CBCF /* chatDemo */,
			);
		};
/* End PBXProject section */

/* Begin PBXResourcesBuildPhase section */
		4B0CCFC521EC346F00B7CBCF /* Resources */ = {
			isa = PBXResourcesBuildPhase;
			buildActionMask = 2147483647;
			files = (
				4B0CCFD521EC347000B7CBCF /* LaunchScreen.storyboard in Resources */,
				4B0CCFD221EC347000B7CBCF /* Assets.xcassets in Resources */,
				4B0CCFD021EC346F00B7CBCF /* Main.storyboard in Resources */,
			);
			runOnlyForDeploymentPostprocessing = 0;
		};
/* End PBXResourcesBuildPhase section */

/* Begin PBXShellScriptBuildPhase section */
		0A75F7587768BBC4CBCDE03D /* [CP] Check Pods Manifest.lock */ = {
			isa = PBXShellScriptBuildPhase;
			buildActionMask = 2147483647;
			files = (
			);
			inputFileListPaths = (
			);
			inputPaths = (
				"${PODS_PODFILE_DIR_PATH}/Podfile.lock",
				"${PODS_ROOT}/Manifest.lock",
			);
			name = "[CP] Check Pods Manifest.lock";
			outputFileListPaths = (
			);
			outputPaths = (
				"$(DERIVED_FILE_DIR)/Pods-chatDemo-checkManifestLockResult.txt",
			);
			runOnlyForDeploymentPostprocessing = 0;
			shellPath = /bin/sh;
			shellScript = "diff \"${PODS_PODFILE_DIR_PATH}/Podfile.lock\" \"${PODS_ROOT}/Manifest.lock\" > /dev/null\nif [ $? != 0 ] ; then\n    # print error to STDERR\n    echo \"error: The sandbox is not in sync with the Podfile.lock. Run 'pod install' or update your CocoaPods installation.\" >&2\n    exit 1\nfi\n# This output is used by Xcode 'outputs' to avoid re-running this script phase.\necho \"SUCCESS\" > \"${SCRIPT_OUTPUT_FILE_0}\"\n";
			showEnvVarsInLog = 0;
		};
		CDC57F56967E67188CBAA83F /* [CP] Copy Pods Resources */ = {
			isa = PBXShellScriptBuildPhase;
			buildActionMask = 2147483647;
			files = (
			);
			inputFileListPaths = (
			);
			inputPaths = (
				"${SRCROOT}/Pods/Target Support Files/Pods-chatDemo/Pods-chatDemo-resources.sh",
				"${PODS_CONFIGURATION_BUILD_DIR}/kk_chat/resources.bundle",
			);
			name = "[CP] Copy Pods Resources";
			outputFileListPaths = (
			);
			outputPaths = (
				"${TARGET_BUILD_DIR}/${UNLOCALIZED_RESOURCES_FOLDER_PATH}/resources.bundle",
			);
			runOnlyForDeploymentPostprocessing = 0;
			shellPath = /bin/sh;
			shellScript = "\"${SRCROOT}/Pods/Target Support Files/Pods-chatDemo/Pods-chatDemo-resources.sh\"\n";
			showEnvVarsInLog = 0;
		};
/* End PBXShellScriptBuildPhase section */

/* Begin PBXSourcesBuildPhase section */
		4B0CCFC321EC346F00B7CBCF /* Sources */ = {
			isa = PBXSourcesBuildPhase;
			buildActionMask = 2147483647;
			files = (
				4B0CCFCD21EC346F00B7CBCF /* ViewController.swift in Sources */,
				4B0CCFCB21EC346F00B7CBCF /* AppDelegate.swift in Sources */,
			);
			runOnlyForDeploymentPostprocessing = 0;
		};
/* End PBXSourcesBuildPhase section */

/* Begin PBXVariantGroup section */
		4B0CCFCE21EC346F00B7CBCF /* Main.storyboard */ = {
			isa = PBXVariantGroup;
			children = (
				4B0CCFCF21EC346F00B7CBCF /* Base */,
			);
			name = Main.storyboard;
			sourceTree = "<group>";
		};
		4B0CCFD321EC347000B7CBCF /* LaunchScreen.storyboard */ = {
			isa = PBXVariantGroup;
			children = (
				4B0CCFD421EC347000B7CBCF /* Base */,
			);
			name = LaunchScreen.storyboard;
			sourceTree = "<group>";
		};
/* End PBXVariantGroup section */

/* Begin XCBuildConfiguration section */
		4B0CCFD721EC347000B7CBCF /* Debug */ = {
			isa = XCBuildConfiguration;
			buildSettings = {
				ALWAYS_SEARCH_USER_PATHS = NO;
				CLANG_ANALYZER_NONNULL = YES;
				CLANG_ANALYZER_NUMBER_OBJECT_CONVERSION = YES_AGGRESSIVE;
				CLANG_CXX_LANGUAGE_STANDARD = "gnu++14";
				CLANG_CXX_LIBRARY = "libc++";
				CLANG_ENABLE_MODULES = YES;
				CLANG_ENABLE_OBJC_ARC = YES;
				CLANG_ENABLE_OBJC_WEAK = YES;
				CLANG_WARN_BLOCK_CAPTURE_AUTORELEASING = YES;
				CLANG_WARN_BOOL_CONVERSION = YES;
				CLANG_WARN_COMMA = YES;
				CLANG_WARN_CONSTANT_CONVERSION = YES;
				CLANG_WARN_DEPRECATED_OBJC_IMPLEMENTATIONS = YES;
				CLANG_WARN_DIRECT_OBJC_ISA_USAGE = YES_ERROR;
				CLANG_WARN_DOCUMENTATION_COMMENTS = YES;
				CLANG_WARN_EMPTY_BODY = YES;
				CLANG_WARN_ENUM_CONVERSION = YES;
				CLANG_WARN_INFINITE_RECURSION = YES;
				CLANG_WARN_INT_CONVERSION = YES;
				CLANG_WARN_NON_LITERAL_NULL_CONVERSION = YES;
				CLANG_WARN_OBJC_IMPLICIT_RETAIN_SELF = YES;
				CLANG_WARN_OBJC_LITERAL_CONVERSION = YES;
				CLANG_WARN_OBJC_ROOT_CLASS = YES_ERROR;
				CLANG_WARN_RANGE_LOOP_ANALYSIS = YES;
				CLANG_WARN_STRICT_PROTOTYPES = YES;
				CLANG_WARN_SUSPICIOUS_MOVE = YES;
				CLANG_WARN_UNGUARDED_AVAILABILITY = YES_AGGRESSIVE;
				CLANG_WARN_UNREACHABLE_CODE = YES;
				CLANG_WARN__DUPLICATE_METHOD_MATCH = YES;
				CODE_SIGN_IDENTITY = "iPhone Developer";
				COPY_PHASE_STRIP = NO;
				DEBUG_INFORMATION_FORMAT = dwarf;
				ENABLE_STRICT_OBJC_MSGSEND = YES;
				ENABLE_TESTABILITY = YES;
				GCC_C_LANGUAGE_STANDARD = gnu11;
				GCC_DYNAMIC_NO_PIC = NO;
				GCC_NO_COMMON_BLOCKS = YES;
				GCC_OPTIMIZATION_LEVEL = 0;
				GCC_PREPROCESSOR_DEFINITIONS = (
					"DEBUG=1",
					"$(inherited)",
				);
				GCC_WARN_64_TO_32_BIT_CONVERSION = YES;
				GCC_WARN_ABOUT_RETURN_TYPE = YES_ERROR;
				GCC_WARN_UNDECLARED_SELECTOR = YES;
				GCC_WARN_UNINITIALIZED_AUTOS = YES_AGGRESSIVE;
				GCC_WARN_UNUSED_FUNCTION = YES;
				GCC_WARN_UNUSED_VARIABLE = YES;
				IPHONEOS_DEPLOYMENT_TARGET = 12.1;
				MTL_ENABLE_DEBUG_INFO = INCLUDE_SOURCE;
				MTL_FAST_MATH = YES;
				ONLY_ACTIVE_ARCH = YES;
				SDKROOT = iphoneos;
				SWIFT_ACTIVE_COMPILATION_CONDITIONS = DEBUG;
				SWIFT_OPTIMIZATION_LEVEL = "-Onone";
			};
			name = Debug;
		};
		4B0CCFD821EC347000B7CBCF /* Release */ = {
			isa = XCBuildConfiguration;
			buildSettings = {
				ALWAYS_SEARCH_USER_PATHS = NO;
				CLANG_ANALYZER_NONNULL = YES;
				CLANG_ANALYZER_NUMBER_OBJECT_CONVERSION = YES_AGGRESSIVE;
				CLANG_CXX_LANGUAGE_STANDARD = "gnu++14";
				CLANG_CXX_LIBRARY = "libc++";
				CLANG_ENABLE_MODULES = YES;
				CLANG_ENABLE_OBJC_ARC = YES;
				CLANG_ENABLE_OBJC_WEAK = YES;
				CLANG_WARN_BLOCK_CAPTURE_AUTORELEASING = YES;
				CLANG_WARN_BOOL_CONVERSION = YES;
				CLANG_WARN_COMMA = YES;
				CLANG_WARN_CONSTANT_CONVERSION = YES;
				CLANG_WARN_DEPRECATED_OBJC_IMPLEMENTATIONS = YES;
				CLANG_WARN_DIRECT_OBJC_ISA_USAGE = YES_ERROR;
				CLANG_WARN_DOCUMENTATION_COMMENTS = YES;
				CLANG_WARN_EMPTY_BODY = YES;
				CLANG_WARN_ENUM_CONVERSION = YES;
				CLANG_WARN_INFINITE_RECURSION = YES;
				CLANG_WARN_INT_CONVERSION = YES;
				CLANG_WARN_NON_LITERAL_NULL_CONVERSION = YES;
				CLANG_WARN_OBJC_IMPLICIT_RETAIN_SELF = YES;
				CLANG_WARN_OBJC_LITERAL_CONVERSION = YES;
				CLANG_WARN_OBJC_ROOT_CLASS = YES_ERROR;
				CLANG_WARN_RANGE_LOOP_ANALYSIS = YES;
				CLANG_WARN_STRICT_PROTOTYPES = YES;
				CLANG_WARN_SUSPICIOUS_MOVE = YES;
				CLANG_WARN_UNGUARDED_AVAILABILITY = YES_AGGRESSIVE;
				CLANG_WARN_UNREACHABLE_CODE = YES;
				CLANG_WARN__DUPLICATE_METHOD_MATCH = YES;
				CODE_SIGN_IDENTITY = "iPhone Developer";
				COPY_PHASE_STRIP = NO;
				DEBUG_INFORMATION_FORMAT = "dwarf-with-dsym";
				ENABLE_NS_ASSERTIONS = NO;
				ENABLE_STRICT_OBJC_MSGSEND = YES;
				GCC_C_LANGUAGE_STANDARD = gnu11;
				GCC_NO_COMMON_BLOCKS = YES;
				GCC_WARN_64_TO_32_BIT_CONVERSION = YES;
				GCC_WARN_ABOUT_RETURN_TYPE = YES_ERROR;
				GCC_WARN_UNDECLARED_SELECTOR = YES;
				GCC_WARN_UNINITIALIZED_AUTOS = YES_AGGRESSIVE;
				GCC_WARN_UNUSED_FUNCTION = YES;
				GCC_WARN_UNUSED_VARIABLE = YES;
				IPHONEOS_DEPLOYMENT_TARGET = 12.1;
				MTL_ENABLE_DEBUG_INFO = NO;
				MTL_FAST_MATH = YES;
				SDKROOT = iphoneos;
				SWIFT_COMPILATION_MODE = wholemodule;
				SWIFT_OPTIMIZATION_LEVEL = "-O";
				VALIDATE_PRODUCT = YES;
			};
			name = Release;
		};
		4B0CCFDA21EC347000B7CBCF /* Debug */ = {
			isa = XCBuildConfiguration;
			baseConfigurationReference = 8A0D63F5F4DA92D2C2C29552 /* Pods-chatDemo.debug.xcconfig */;
			buildSettings = {
				ASSETCATALOG_COMPILER_APPICON_NAME = AppIcon;
				CODE_SIGN_STYLE = Automatic;
				DEVELOPMENT_TEAM = HA5G797698;
				INFOPLIST_FILE = chatDemo/Info.plist;
				LD_RUNPATH_SEARCH_PATHS = (
					"$(inherited)",
					"@executable_path/Frameworks",
				);
				PRODUCT_BUNDLE_IDENTIFIER = yikelian.chatDemo;
				PRODUCT_NAME = "$(TARGET_NAME)";
				SWIFT_VERSION = 4.2;
				TARGETED_DEVICE_FAMILY = "1,2";
			};
			name = Debug;
		};
		4B0CCFDB21EC347000B7CBCF /* Release */ = {
			isa = XCBuildConfiguration;
			baseConfigurationReference = 7DA4A91462DA4132FB711A86 /* Pods-chatDemo.release.xcconfig */;
			buildSettings = {
				ASSETCATALOG_COMPILER_APPICON_NAME = AppIcon;
				CODE_SIGN_STYLE = Automatic;
				DEVELOPMENT_TEAM = HA5G797698;
				INFOPLIST_FILE = chatDemo/Info.plist;
				LD_RUNPATH_SEARCH_PATHS = (
					"$(inherited)",
					"@executable_path/Frameworks",
				);
				PRODUCT_BUNDLE_IDENTIFIER = yikelian.chatDemo;
				PRODUCT_NAME = "$(TARGET_NAME)";
				SWIFT_VERSION = 4.2;
				TARGETED_DEVICE_FAMILY = "1,2";
			};
			name = Release;
		};
/* End XCBuildConfiguration section */

/* Begin XCConfigurationList section */
		4B0CCFC221EC346F00B7CBCF /* Build configuration list for PBXProject "chatDemo" */ = {
			isa = XCConfigurationList;
			buildConfigurations = (
				4B0CCFD721EC347000B7CBCF /* Debug */,
				4B0CCFD821EC347000B7CBCF /* Release */,
			);
			defaultConfigurationIsVisible = 0;
			defaultConfigurationName = Release;
		};
		4B0CCFD921EC347000B7CBCF /* Build configuration list for PBXNativeTarget "chatDemo" */ = {
			isa = XCConfigurationList;
			buildConfigurations = (
				4B0CCFDA21EC347000B7CBCF /* Debug */,
				4B0CCFDB21EC347000B7CBCF /* Release */,
			);
			defaultConfigurationIsVisible = 0;
			defaultConfigurationName = Release;
		};
/* End XCConfigurationList section */
	};
	rootObject = 4B0CCFBF21EC346F00B7CBCF /* Project object */;
}
